
Microsoft Visual Studio Solution File, Format Version 12.00
# Visual Studio Version 17
VisualStudioVersion = 17.13.35818.85 d17.13
MinimumVisualStudioVersion = 10.0.40219.1
Project("{FAE04EC0-301F-11D3-BF4B-00C04F79EFBC}") = "SpellGuard", "SpellGuard\SpellGuard.csproj", "{C92DA9C2-6BB7-49B0-9A7A-1851B1DE1276}"
EndProject
Global
	GlobalSection(SolutionConfigurationPlatforms) = preSolution
		Debug|Any CPU = Debug|Any CPU
		Release|Any CPU = Release|Any CPU
	EndGlobalSection
	GlobalSection(ProjectConfigurationPlatforms) = postSolution
		{C92DA9C2-6BB7-49B0-9A7A-1851B1DE1276}.Debug|Any CPU.ActiveCfg = Debug|Any CPU
		{C92DA9C2-6BB7-49B0-9A7A-1851B1DE1276}.Debug|Any CPU.Build.0 = Debug|Any CPU
		{C92DA9C2-6BB7-49B0-9A7A-1851B1DE1276}.Release|Any CPU.ActiveCfg = Release|Any CPU
		{C92DA9C2-6BB7-49B0-9A7A-1851B1DE1276}.Release|Any CPU.Build.0 = Release|Any CPU
	EndGlobalSection
	GlobalSection(SolutionProperties) = preSolution
		HideSolutionNode = FALSE
	EndGlobalSection
	GlobalSection(ExtensibilityGlobals) = postSolution
		SolutionGuid = {4286FC2E-E8B1-4048-B0E7-38FB40BF25FD}
	EndGlobalSection
EndGlobal
